<?xml version="1.0"?>
<Solution>
  <Project Path="MDL.Core/MDL.Core.csproj"/>
  <Project Path="MDL.Parser/MDL.Parser.csproj"/>
  <Project Path="MDL.Parser.Tests/MDL.Parser.Tests.csproj"/>
  <Project Path="MDL.Serializer/MDL.Serializer.csproj"/>
  <Project Path="MDL.Serializer.Tests/MDL.Serializer.Tests.csproj"/>
</Solution>
